
Microsoft Visual Studio Solution File, Format Version 12.00
# Visual Studio 2017
Project("{FAE04EC0-301F-11D3-BF4B-00C04F79EFBC}") = "FreenetUnitySample", "FreenetUnitySample.csproj", "{14574AC3-3946-78BD-5A8D-CA4676D3A4E9}"
EndProject
Global
	GlobalSection(SolutionConfigurationPlatforms) = preSolution
		Debug|Any CPU = Debug|Any CPU
		Release|Any CPU = Release|Any CPU
	EndGlobalSection
	GlobalSection(ProjectConfigurationPlatforms) = postSolution
		{14574AC3-3946-78BD-5A8D-CA4676D3A4E9}.Debug|Any CPU.ActiveCfg = Debug|Any CPU
		{14574AC3-3946-78BD-5A8D-CA4676D3A4E9}.Debug|Any CPU.Build.0 = Debug|Any CPU
		{14574AC3-3946-78BD-5A8D-CA4676D3A4E9}.Release|Any CPU.ActiveCfg = Release|Any CPU
		{14574AC3-3946-78BD-5A8D-CA4676D3A4E9}.Release|Any CPU.Build.0 = Release|Any CPU
	EndGlobalSection
	GlobalSection(SolutionProperties) = preSolution
		HideSolutionNode = FALSE
	EndGlobalSection
EndGlobal
